
Microsoft Visual Studio Solution File, Format Version 12.00
# Visual Studio 15
VisualStudioVersion = 15.0.26730.16
MinimumVisualStudioVersion = 10.0.40219.1
Project("{FAE04EC0-301F-11D3-BF4B-00C04F79EFBC}") = "IU-Windows", "IU-Windows\IU-Windows.csproj", "{7CDFD694-89AD-4B5C-BE6E-1350F6A480EE}"
EndProject
Global
	GlobalSection(SolutionConfigurationPlatforms) = preSolution
		Debug|Any CPU = Debug|Any CPU
		Release|Any CPU = Release|Any CPU
	EndGlobalSection
	GlobalSection(ProjectConfigurationPlatforms) = postSolution
		{7CDFD694-89AD-4B5C-BE6E-1350F6A480EE}.Debug|Any CPU.ActiveCfg = Debug|Any CPU
		{7CDFD694-89AD-4B5C-BE6E-1350F6A480EE}.Debug|Any CPU.Build.0 = Debug|Any CPU
		{7CDFD694-89AD-4B5C-BE6E-1350F6A480EE}.Release|Any CPU.ActiveCfg = Release|Any CPU
		{7CDFD694-89AD-4B5C-BE6E-1350F6A480EE}.Release|Any CPU.Build.0 = Release|Any CPU
	EndGlobalSection
	GlobalSection(SolutionProperties) = preSolution
		HideSolutionNode = FALSE
	EndGlobalSection
	GlobalSection(ExtensibilityGlobals) = postSolution
		SolutionGuid = {F2526102-C1ED-46A0-AB34-CF16D56204D6}
	EndGlobalSection
EndGlobal
