
Microsoft Visual Studio Solution File, Format Version 12.00
# Visual Studio 15
VisualStudioVersion = 15.0.27130.2024
MinimumVisualStudioVersion = 10.0.40219.1
Project("{FAE04EC0-301F-11D3-BF4B-00C04F79EFBC}") = "IU-Windows", "IU-Windows\IU-Windows.csproj", "{7CDFD694-89AD-4B5C-BE6E-1350F6A480EE}"
EndProject
Project("{8BC9CEB8-8B4A-11D0-8D11-00A0C91BC942}") = "ControlArduino", "ControlArduino\ControlArduino.vcxproj", "{C5F80730-F44F-4478-BDAE-6634EFC2CA88}"
EndProject
Project("{FAE04EC0-301F-11D3-BF4B-00C04F79EFBC}") = "testConsole", "testConsole\testConsole.csproj", "{1EBA1047-8B1B-44E1-9011-20C941D2FD39}"
EndProject
Project("{54435603-DBB4-11D2-8724-00A0C9A8B90C}") = "IU-RRM Installer", "Interfaz de Usuario RRM\Interfaz de Usuario RRM.vdproj", "{977182F0-AD2D-458D-9358-B27292F19CF5}"
EndProject
Global
	GlobalSection(SolutionConfigurationPlatforms) = preSolution
		Debug|Any CPU = Debug|Any CPU
		Debug|x86 = Debug|x86
		Release|Any CPU = Release|Any CPU
		Release|x86 = Release|x86
	EndGlobalSection
	GlobalSection(ProjectConfigurationPlatforms) = postSolution
		{7CDFD694-89AD-4B5C-BE6E-1350F6A480EE}.Debug|Any CPU.ActiveCfg = Debug|Any CPU
		{7CDFD694-89AD-4B5C-BE6E-1350F6A480EE}.Debug|Any CPU.Build.0 = Debug|Any CPU
		{7CDFD694-89AD-4B5C-BE6E-1350F6A480EE}.Debug|x86.ActiveCfg = Debug|Any CPU
		{7CDFD694-89AD-4B5C-BE6E-1350F6A480EE}.Debug|x86.Build.0 = Debug|Any CPU
		{7CDFD694-89AD-4B5C-BE6E-1350F6A480EE}.Release|Any CPU.ActiveCfg = Release|Any CPU
		{7CDFD694-89AD-4B5C-BE6E-1350F6A480EE}.Release|Any CPU.Build.0 = Release|Any CPU
		{7CDFD694-89AD-4B5C-BE6E-1350F6A480EE}.Release|x86.ActiveCfg = Release|Any CPU
		{7CDFD694-89AD-4B5C-BE6E-1350F6A480EE}.Release|x86.Build.0 = Release|Any CPU
		{C5F80730-F44F-4478-BDAE-6634EFC2CA88}.Debug|Any CPU.ActiveCfg = Debug|Win32
		{C5F80730-F44F-4478-BDAE-6634EFC2CA88}.Debug|x86.ActiveCfg = Debug|Win32
		{C5F80730-F44F-4478-BDAE-6634EFC2CA88}.Debug|x86.Build.0 = Debug|Win32
		{C5F80730-F44F-4478-BDAE-6634EFC2CA88}.Release|Any CPU.ActiveCfg = Release|Win32
		{C5F80730-F44F-4478-BDAE-6634EFC2CA88}.Release|x86.ActiveCfg = Release|Win32
		{C5F80730-F44F-4478-BDAE-6634EFC2CA88}.Release|x86.Build.0 = Release|Win32
		{1EBA1047-8B1B-44E1-9011-20C941D2FD39}.Debug|Any CPU.ActiveCfg = Debug|Any CPU
		{1EBA1047-8B1B-44E1-9011-20C941D2FD39}.Debug|Any CPU.Build.0 = Debug|Any CPU
		{1EBA1047-8B1B-44E1-9011-20C941D2FD39}.Debug|x86.ActiveCfg = Debug|Any CPU
		{1EBA1047-8B1B-44E1-9011-20C941D2FD39}.Debug|x86.Build.0 = Debug|Any CPU
		{1EBA1047-8B1B-44E1-9011-20C941D2FD39}.Release|Any CPU.ActiveCfg = Release|Any CPU
		{1EBA1047-8B1B-44E1-9011-20C941D2FD39}.Release|Any CPU.Build.0 = Release|Any CPU
		{1EBA1047-8B1B-44E1-9011-20C941D2FD39}.Release|x86.ActiveCfg = Release|Any CPU
		{1EBA1047-8B1B-44E1-9011-20C941D2FD39}.Release|x86.Build.0 = Release|Any CPU
		{977182F0-AD2D-458D-9358-B27292F19CF5}.Debug|Any CPU.ActiveCfg = Debug
		{977182F0-AD2D-458D-9358-B27292F19CF5}.Debug|x86.ActiveCfg = Debug
		{977182F0-AD2D-458D-9358-B27292F19CF5}.Release|Any CPU.ActiveCfg = Release
		{977182F0-AD2D-458D-9358-B27292F19CF5}.Release|x86.ActiveCfg = Release
	EndGlobalSection
	GlobalSection(SolutionProperties) = preSolution
		HideSolutionNode = FALSE
	EndGlobalSection
	GlobalSection(ExtensibilityGlobals) = postSolution
		SolutionGuid = {F2526102-C1ED-46A0-AB34-CF16D56204D6}
	EndGlobalSection
EndGlobal
